
Microsoft Visual Studio Solution File, Format Version 12.00
# Visual Studio Version 16
VisualStudioVersion = 16.0.32106.194
MinimumVisualStudioVersion = 10.0.40219.1
Project("{FAE04EC0-301F-11D3-BF4B-00C04F79EFBC}") = "PersonalityTest", "PersonalityTest\PersonalityTest.csproj", "{70A11E86-426C-43E4-B28F-5C177941B866}"
EndProject
Project("{FAE04EC0-301F-11D3-BF4B-00C04F79EFBC}") = "PersonalityTestSwitch", "PersonalityTestSwitch\PersonalityTestSwitch.csproj", "{D7D4F090-DB81-46E4-AC16-7FF25E8A2F97}"
EndProject
Project("{FAE04EC0-301F-11D3-BF4B-00C04F79EFBC}") = "GrandingIf", "GrandingIf\GrandingIf.csproj", "{5CFB0765-CC6B-4E2F-855D-34E23D439492}"
EndProject
Project("{FAE04EC0-301F-11D3-BF4B-00C04F79EFBC}") = "GrandinSwitch", "GrandinSwitch\GrandinSwitch.csproj", "{3AE3CB97-49A3-4884-BF7D-A52CCB04B0A5}"
EndProject
Project("{FAE04EC0-301F-11D3-BF4B-00C04F79EFBC}") = "CatsAndDogs", "CatsAndDogs\CatsAndDogs.csproj", "{63D44309-6478-4A4C-932D-D37D27492E3E}"
EndProject
Global
	GlobalSection(SolutionConfigurationPlatforms) = preSolution
		Debug|Any CPU = Debug|Any CPU
		Release|Any CPU = Release|Any CPU
	EndGlobalSection
	GlobalSection(ProjectConfigurationPlatforms) = postSolution
		{70A11E86-426C-43E4-B28F-5C177941B866}.Debug|Any CPU.ActiveCfg = Debug|Any CPU
		{70A11E86-426C-43E4-B28F-5C177941B866}.Debug|Any CPU.Build.0 = Debug|Any CPU
		{70A11E86-426C-43E4-B28F-5C177941B866}.Release|Any CPU.ActiveCfg = Release|Any CPU
		{70A11E86-426C-43E4-B28F-5C177941B866}.Release|Any CPU.Build.0 = Release|Any CPU
		{D7D4F090-DB81-46E4-AC16-7FF25E8A2F97}.Debug|Any CPU.ActiveCfg = Debug|Any CPU
		{D7D4F090-DB81-46E4-AC16-7FF25E8A2F97}.Debug|Any CPU.Build.0 = Debug|Any CPU
		{D7D4F090-DB81-46E4-AC16-7FF25E8A2F97}.Release|Any CPU.ActiveCfg = Release|Any CPU
		{D7D4F090-DB81-46E4-AC16-7FF25E8A2F97}.Release|Any CPU.Build.0 = Release|Any CPU
		{5CFB0765-CC6B-4E2F-855D-34E23D439492}.Debug|Any CPU.ActiveCfg = Debug|Any CPU
		{5CFB0765-CC6B-4E2F-855D-34E23D439492}.Debug|Any CPU.Build.0 = Debug|Any CPU
		{5CFB0765-CC6B-4E2F-855D-34E23D439492}.Release|Any CPU.ActiveCfg = Release|Any CPU
		{5CFB0765-CC6B-4E2F-855D-34E23D439492}.Release|Any CPU.Build.0 = Release|Any CPU
		{3AE3CB97-49A3-4884-BF7D-A52CCB04B0A5}.Debug|Any CPU.ActiveCfg = Debug|Any CPU
		{3AE3CB97-49A3-4884-BF7D-A52CCB04B0A5}.Debug|Any CPU.Build.0 = Debug|Any CPU
		{3AE3CB97-49A3-4884-BF7D-A52CCB04B0A5}.Release|Any CPU.ActiveCfg = Release|Any CPU
		{3AE3CB97-49A3-4884-BF7D-A52CCB04B0A5}.Release|Any CPU.Build.0 = Release|Any CPU
		{63D44309-6478-4A4C-932D-D37D27492E3E}.Debug|Any CPU.ActiveCfg = Debug|Any CPU
		{63D44309-6478-4A4C-932D-D37D27492E3E}.Debug|Any CPU.Build.0 = Debug|Any CPU
		{63D44309-6478-4A4C-932D-D37D27492E3E}.Release|Any CPU.ActiveCfg = Release|Any CPU
		{63D44309-6478-4A4C-932D-D37D27492E3E}.Release|Any CPU.Build.0 = Release|Any CPU
	EndGlobalSection
	GlobalSection(SolutionProperties) = preSolution
		HideSolutionNode = FALSE
	EndGlobalSection
	GlobalSection(ExtensibilityGlobals) = postSolution
		SolutionGuid = {9143E946-4F1D-4CE7-B9E1-D305546661A3}
	EndGlobalSection
EndGlobal
